// !$*UTF8*$!
{
	archiveVersion = 1;
	classes = {
	};
	objectVersion = 56;
	objects = {

/* Begin PBXBuildFile section */
		1A2B3C4D5E6F7890 /* AppDelegate.swift in Sources */ = {isa = PBXBuildFile; fileRef = 2A3B4C5D6E7F8901 /* AppDelegate.swift */; };
		1A2B3C4D5E6F7891 /* SceneDelegate.swift in Sources */ = {isa = PBXBuildFile; fileRef = 2A3B4C5D6E7F8902 /* SceneDelegate.swift */; };
		1A2B3C4D5E6F7892 /* ViewController.swift in Sources */ = {isa = PBXBuildFile; fileRef = 2A3B4C5D6E7F8903 /* ViewController.swift */; };
		1A2B3C4D5E6F7893 /* LaunchScreen.storyboard in Resources */ = {isa = PBXBuildFile; fileRef = 2A3B4C5D6E7F8904 /* LaunchScreen.storyboard */; };
		1A2B3C4D5E6F7894 /* Assets.xcassets in Resources */ = {isa = PBXBuildFile; fileRef = 2A3B4C5D6E7F8905 /* Assets.xcassets */; };
		1A2B3C4D5E6F7895 /* Clip.swift in Sources */ = {isa = PBXBuildFile; fileRef = 2A3B4C5D6E7F8906 /* Clip.swift */; };
		1A2B3C4D5E6F7896 /* TimelineView.swift in Sources */ = {isa = PBXBuildFile; fileRef = 2A3B4C5D6E7F8907 /* TimelineView.swift */; };
		1A2B3C4D5E6F7897 /* CropCanvasView.swift in Sources */ = {isa = PBXBuildFile; fileRef = 2A3B4C5D6E7F8908 /* CropCanvasView.swift */; };
		1A2B3C4D5E6F7898 /* EditorViewController.swift in Sources */ = {isa = PBXBuildFile; fileRef = 2A3B4C5D6E7F8909 /* EditorViewController.swift */; };
		1A2B3C4D5E6F7899 /* VideoCompositionBuilder.swift in Sources */ = {isa = PBXBuildFile; fileRef = 2A3B4C5D6E7F8910 /* VideoCompositionBuilder.swift */; };
		1A2B3C4D5E6F7900 /* VideoExporter.swift in Sources */ = {isa = PBXBuildFile; fileRef = 2A3B4C5D6E7F8911 /* VideoExporter.swift */; };
		1A2B3C4D5E6F7901 /* VideoEditor.swift in Sources */ = {isa = PBXBuildFile; fileRef = 2A3B4C5D6E7F8912 /* VideoEditor.swift */; };
/* End PBXBuildFile section */

/* Begin PBXFileReference section */
		2A3B4C5D6E7F8900 /* VideoEditorApp.app */ = {isa = PBXFileReference; explicitFileType = wrapper.application; includeInIndex = 0; path = VideoEditorApp.app; sourceTree = BUILT_PRODUCTS_DIR; };
		2A3B4C5D6E7F8901 /* AppDelegate.swift */ = {isa = PBXFileReference; lastKnownFileType = sourcecode.swift; path = AppDelegate.swift; sourceTree = "<group>"; };
		2A3B4C5D6E7F8902 /* SceneDelegate.swift */ = {isa = PBXFileReference; lastKnownFileType = sourcecode.swift; path = SceneDelegate.swift; sourceTree = "<group>"; };
		2A3B4C5D6E7F8903 /* ViewController.swift */ = {isa = PBXFileReference; lastKnownFileType = sourcecode.swift; path = ViewController.swift; sourceTree = "<group>"; };
		2A3B4C5D6E7F8904 /* LaunchScreen.storyboard */ = {isa = PBXFileReference; lastKnownFileType = file.storyboard; path = LaunchScreen.storyboard; sourceTree = "<group>"; };
		2A3B4C5D6E7F8905 /* Assets.xcassets */ = {isa = PBXFileReference; lastKnownFileType = folder.assetcatalog; path = Assets.xcassets; sourceTree = "<group>"; };
		2A3B4C5D6E7F8906 /* Clip.swift */ = {isa = PBXFileReference; lastKnownFileType = sourcecode.swift; path = Clip.swift; sourceTree = "<group>"; };
		2A3B4C5D6E7F8907 /* TimelineView.swift */ = {isa = PBXFileReference; lastKnownFileType = sourcecode.swift; path = TimelineView.swift; sourceTree = "<group>"; };
		2A3B4C5D6E7F8908 /* CropCanvasView.swift */ = {isa = PBXFileReference; lastKnownFileType = sourcecode.swift; path = CropCanvasView.swift; sourceTree = "<group>"; };
		2A3B4C5D6E7F8909 /* EditorViewController.swift */ = {isa = PBXFileReference; lastKnownFileType = sourcecode.swift; path = EditorViewController.swift; sourceTree = "<group>"; };
		2A3B4C5D6E7F8910 /* VideoCompositionBuilder.swift */ = {isa = PBXFileReference; lastKnownFileType = sourcecode.swift; path = VideoCompositionBuilder.swift; sourceTree = "<group>"; };
		2A3B4C5D6E7F8911 /* VideoExporter.swift */ = {isa = PBXFileReference; lastKnownFileType = sourcecode.swift; path = VideoExporter.swift; sourceTree = "<group>"; };
		2A3B4C5D6E7F8912 /* VideoEditor.swift */ = {isa = PBXFileReference; lastKnownFileType = sourcecode.swift; path = VideoEditor.swift; sourceTree = "<group>"; };
		2A3B4C5D6E7F8913 /* Info.plist */ = {isa = PBXFileReference; lastKnownFileType = text.plist.xml; path = Info.plist; sourceTree = "<group>"; };
/* End PBXFileReference section */

/* Begin PBXFrameworksBuildPhase section */
		3A4B5C6D7E8F9100 /* Frameworks */ = {
			isa = PBXFrameworksBuildPhase;
			buildActionMask = 2147483647;
			files = (
			);
			runOnlyForDeploymentPostprocessing = 0;
		};
/* End PBXFrameworksBuildPhase section */

/* Begin PBXGroup section */
		4A5B6C7D8E9F0200 = {
			isa = PBXGroup;
			children = (
				5A6B7C8D9E0F1300 /* VideoEditorApp */,
				6A7B8C9D0E1F2400 /* Products */,
			);
			sourceTree = "<group>";
		};
		5A6B7C8D9E0F1300 /* VideoEditorApp */ = {
			isa = PBXGroup;
			children = (
				2A3B4C5D6E7F8901 /* AppDelegate.swift */,
				2A3B4C5D6E7F8902 /* SceneDelegate.swift */,
				2A3B4C5D6E7F8903 /* ViewController.swift */,
				7A8B9C0D1E2F3500 /* VideoEditor */,
				2A3B4C5D6E7F8905 /* Assets.xcassets */,
				2A3B4C5D6E7F8904 /* LaunchScreen.storyboard */,
				2A3B4C5D6E7F8913 /* Info.plist */,
			);
			path = VideoEditorApp;
			sourceTree = "<group>";
		};
		6A7B8C9D0E1F2400 /* Products */ = {
			isa = PBXGroup;
			children = (
				2A3B4C5D6E7F8900 /* VideoEditorApp.app */,
			);
			name = Products;
			sourceTree = "<group>";
		};
		7A8B9C0D1E2F3500 /* VideoEditor */ = {
			isa = PBXGroup;
			children = (
				2A3B4C5D6E7F8912 /* VideoEditor.swift */,
				8A9B0C1D2E3F4600 /* Models */,
				8A9B0C1D2E3F4601 /* Views */,
				8A9B0C1D2E3F4602 /* Controllers */,
				8A9B0C1D2E3F4603 /* Utils */,
			);
			path = VideoEditor;
			sourceTree = "<group>";
		};
		8A9B0C1D2E3F4600 /* Models */ = {
			isa = PBXGroup;
			children = (
				2A3B4C5D6E7F8906 /* Clip.swift */,
			);
			path = Models;
			sourceTree = "<group>";
		};
		8A9B0C1D2E3F4601 /* Views */ = {
			isa = PBXGroup;
			children = (
				2A3B4C5D6E7F8907 /* TimelineView.swift */,
				2A3B4C5D6E7F8908 /* CropCanvasView.swift */,
			);
			path = Views;
			sourceTree = "<group>";
		};
		8A9B0C1D2E3F4602 /* Controllers */ = {
			isa = PBXGroup;
			children = (
				2A3B4C5D6E7F8909 /* EditorViewController.swift */,
			);
			path = Controllers;
			sourceTree = "<group>";
		};
		8A9B0C1D2E3F4603 /* Utils */ = {
			isa = PBXGroup;
			children = (
				2A3B4C5D6E7F8910 /* VideoCompositionBuilder.swift */,
				2A3B4C5D6E7F8911 /* VideoExporter.swift */,
			);
			path = Utils;
			sourceTree = "<group>";
		};
/* End PBXGroup section */

/* Begin PBXNativeTarget section */
		9A0B1C2D3E4F5700 /* VideoEditorApp */ = {
			isa = PBXNativeTarget;
			buildConfigurationList = 0A1B2C3D4E5F6800 /* Build configuration list for PBXNativeTarget "VideoEditorApp" */;
			buildPhases = (
				1A2B3C4D5E6F7800 /* Sources */,
				3A4B5C6D7E8F9100 /* Frameworks */,
				2A3B4C5D6E7F8800 /* Resources */,
			);
			buildRules = (
			);
			dependencies = (
			);
			name = VideoEditorApp;
			productName = VideoEditorApp;
			productReference = 2A3B4C5D6E7F8900 /* VideoEditorApp.app */;
			productType = "com.apple.product-type.application";
		};
/* End PBXNativeTarget section */

/* Begin PBXProject section */
		4A5B6C7D8E9F0201 /* Project object */ = {
			isa = PBXProject;
			attributes = {
				BuildIndependentTargetsInParallel = 1;
				LastSwiftUpdateCheck = 1500;
				LastUpgradeCheck = 1500;
				TargetAttributes = {
					9A0B1C2D3E4F5700 = {
						CreatedOnToolsVersion = 15.0;
					};
				};
			};
			buildConfigurationList = 5A6B7C8D9E0F1301 /* Build configuration list for PBXProject "VideoEditorApp" */;
			compatibilityVersion = "Xcode 14.0";
			developmentRegion = en;
			hasScannedForEncodings = 0;
			knownRegions = (
				en,
				Base,
			);
			mainGroup = 4A5B6C7D8E9F0200;
			productRefGroup = 6A7B8C9D0E1F2400 /* Products */;
			projectDirPath = "";
			projectRoot = "";
			targets = (
				9A0B1C2D3E4F5700 /* VideoEditorApp */,
			);
		};
/* End PBXProject section */

/* Begin PBXResourcesBuildPhase section */
		2A3B4C5D6E7F8800 /* Resources */ = {
			isa = PBXResourcesBuildPhase;
			buildActionMask = 2147483647;
			files = (
				1A2B3C4D5E6F7893 /* LaunchScreen.storyboard in Resources */,
				1A2B3C4D5E6F7894 /* Assets.xcassets in Resources */,
			);
			runOnlyForDeploymentPostprocessing = 0;
		};
/* End PBXResourcesBuildPhase section */

/* Begin PBXSourcesBuildPhase section */
		1A2B3C4D5E6F7800 /* Sources */ = {
			isa = PBXSourcesBuildPhase;
			buildActionMask = 2147483647;
			files = (
				1A2B3C4D5E6F7892 /* ViewController.swift in Sources */,
				1A2B3C4D5E6F7890 /* AppDelegate.swift in Sources */,
				1A2B3C4D5E6F7891 /* SceneDelegate.swift in Sources */,
				1A2B3C4D5E6F7895 /* Clip.swift in Sources */,
				1A2B3C4D5E6F7896 /* TimelineView.swift in Sources */,
				1A2B3C4D5E6F7897 /* CropCanvasView.swift in Sources */,
				1A2B3C4D5E6F7898 /* EditorViewController.swift in Sources */,
				1A2B3C4D5E6F7899 /* VideoCompositionBuilder.swift in Sources */,
				1A2B3C4D5E6F7900 /* VideoExporter.swift in Sources */,
				1A2B3C4D5E6F7901 /* VideoEditor.swift in Sources */,
			);
			runOnlyForDeploymentPostprocessing = 0;
		};
/* End PBXSourcesBuildPhase section */

/* Begin XCBuildConfiguration section */
		6A7B8C9D0E1F2401 /* Debug */ = {
			isa = XCBuildConfiguration;
			buildSettings = {
				ALWAYS_SEARCH_USER_PATHS = NO;
				ASSETCATALOG_COMPILER_GENERATE_SWIFT_ASSET_SYMBOL_EXTENSIONS = YES;
				CLANG_ANALYZER_NONNULL = YES;
				CLANG_ANALYZER_NUMBER_OBJECT_CONVERSION = YES_AGGRESSIVE;
				CLANG_CXX_LANGUAGE_STANDARD = "gnu++20";
				CLANG_ENABLE_MODULES = YES;
				CLANG_ENABLE_OBJC_ARC = YES;
				CLANG_ENABLE_OBJC_WEAK = YES;
				CLANG_WARN_BLOCK_CAPTURE_AUTORELEASING = YES;
				CLANG_WARN_BOOL_CONVERSION = YES;
				CLANG_WARN_COMMA = YES;
				CLANG_WARN_CONSTANT_CONVERSION = YES;
				CLANG_WARN_DEPRECATED_OBJC_IMPLEMENTATIONS = YES;
				CLANG_WARN_DIRECT_OBJC_ISA_USAGE = YES_ERROR;
				CLANG_WARN_DOCUMENTATION_COMMENTS = YES;
				CLANG_WARN_EMPTY_BODY = YES;
				CLANG_WARN_ENUM_CONVERSION = YES;
				CLANG_WARN_INFINITE_RECURSION = YES;
				CLANG_WARN_INT_CONVERSION = YES;
				CLANG_WARN_NON_LITERAL_NULL_CONVERSION = YES;
				CLANG_WARN_OBJC_IMPLICIT_RETAIN_SELF = YES;
				CLANG_WARN_OBJC_LITERAL_CONVERSION = YES;
				CLANG_WARN_OBJC_ROOT_CLASS = YES_ERROR;
				CLANG_WARN_QUOTED_INCLUDE_IN_FRAMEWORK_HEADER = YES;
				CLANG_WARN_RANGE_LOOP_ANALYSIS = YES;
				CLANG_WARN_STRICT_PROTOTYPES = YES;
				CLANG_WARN_SUSPICIOUS_MOVE = YES;
				CLANG_WARN_UNGUARDED_AVAILABILITY = YES_AGGRESSIVE;
				CLANG_WARN_UNREACHABLE_CODE = YES;
				CLANG_WARN__DUPLICATE_METHOD_MATCH = YES;
				COPY_PHASE_STRIP = NO;
				DEBUG_INFORMATION_FORMAT = dwarf;
				ENABLE_STRICT_OBJC_MSGSEND = YES;
				ENABLE_TESTABILITY = YES;
				ENABLE_USER_SCRIPT_SANDBOXING = YES;
				GCC_C_LANGUAGE_STANDARD = gnu17;
				GCC_DYNAMIC_NO_PIC = NO;
				GCC_NO_COMMON_BLOCKS = YES;
				GCC_OPTIMIZATION_LEVEL = 0;
				GCC_PREPROCESSOR_DEFINITIONS = (
					"DEBUG=1",
					"$(inherited)",
				);
				GCC_WARN_64_TO_32_BIT_CONVERSION = YES;
				GCC_WARN_ABOUT_RETURN_TYPE = YES_ERROR;
				GCC_WARN_UNDECLARED_SELECTOR = YES;
				GCC_WARN_UNINITIALIZED_AUTOS = YES_AGGRESSIVE;
				GCC_WARN_UNUSED_FUNCTION = YES;
				GCC_WARN_UNUSED_VARIABLE = YES;
				IPHONEOS_DEPLOYMENT_TARGET = 17.0;
				LOCALIZATION_PREFERS_STRING_CATALOGS = YES;
				MTL_ENABLE_DEBUG_INFO = INCLUDE_SOURCE;
				MTL_FAST_MATH = YES;
				ONLY_ACTIVE_ARCH = YES;
				SDKROOT = iphoneos;
				SWIFT_ACTIVE_COMPILATION_CONDITIONS = "DEBUG $(inherited)";
				SWIFT_OPTIMIZATION_LEVEL = "-Onone";
			};
			name = Debug;
		};
		6A7B8C9D0E1F2402 /* Release */ = {
			isa = XCBuildConfiguration;
			buildSettings = {
				ALWAYS_SEARCH_USER_PATHS = NO;
				ASSETCATALOG_COMPILER_GENERATE_SWIFT_ASSET_SYMBOL_EXTENSIONS = YES;
				CLANG_ANALYZER_NONNULL = YES;
				CLANG_ANALYZER_NUMBER_OBJECT_CONVERSION = YES_AGGRESSIVE;
				CLANG_CXX_LANGUAGE_STANDARD = "gnu++20";
				CLANG_ENABLE_MODULES = YES;
				CLANG_ENABLE_OBJC_ARC = YES;
				CLANG_ENABLE_OBJC_WEAK = YES;
				CLANG_WARN_BLOCK_CAPTURE_AUTORELEASING = YES;
				CLANG_WARN_BOOL_CONVERSION = YES;
				CLANG_WARN_COMMA = YES;
				CLANG_WARN_CONSTANT_CONVERSION = YES;
				CLANG_WARN_DEPRECATED_OBJC_IMPLEMENTATIONS = YES;
				CLANG_WARN_DIRECT_OBJC_ISA_USAGE = YES_ERROR;
				CLANG_WARN_DOCUMENTATION_COMMENTS = YES;
				CLANG_WARN_EMPTY_BODY = YES;
				CLANG_WARN_ENUM_CONVERSION = YES;
				CLANG_WARN_INFINITE_RECURSION = YES;
				CLANG_WARN_INT_CONVERSION = YES;
				CLANG_WARN_NON_LITERAL_NULL_CONVERSION = YES;
				CLANG_WARN_OBJC_IMPLICIT_RETAIN_SELF = YES;
				CLANG_WARN_OBJC_LITERAL_CONVERSION = YES;
				CLANG_WARN_OBJC_ROOT_CLASS = YES_ERROR;
				CLANG_WARN_QUOTED_INCLUDE_IN_FRAMEWORK_HEADER = YES;
				CLANG_WARN_RANGE_LOOP_ANALYSIS = YES;
				CLANG_WARN_STRICT_PROTOTYPES = YES;
				CLANG_WARN_SUSPICIOUS_MOVE = YES;
				CLANG_WARN_UNGUARDED_AVAILABILITY = YES_AGGRESSIVE;
				CLANG_WARN_UNREACHABLE_CODE = YES;
				CLANG_WARN__DUPLICATE_METHOD_MATCH = YES;
				COPY_PHASE_STRIP = NO;
				DEBUG_INFORMATION_FORMAT = "dwarf-with-dsym";
				ENABLE_NS_ASSERTIONS = NO;
				ENABLE_STRICT_OBJC_MSGSEND = YES;
				ENABLE_USER_SCRIPT_SANDBOXING = YES;
				GCC_C_LANGUAGE_STANDARD = gnu17;
				GCC_NO_COMMON_BLOCKS = YES;
				GCC_WARN_64_TO_32_BIT_CONVERSION = YES;
				GCC_WARN_ABOUT_RETURN_TYPE = YES_ERROR;
				GCC_WARN_UNDECLARED_SELECTOR = YES;
				GCC_WARN_UNINITIALIZED_AUTOS = YES_AGGRESSIVE;
				GCC_WARN_UNUSED_FUNCTION = YES;
				GCC_WARN_UNUSED_VARIABLE = YES;
				IPHONEOS_DEPLOYMENT_TARGET = 17.0;
				LOCALIZATION_PREFERS_STRING_CATALOGS = YES;
				MTL_ENABLE_DEBUG_INFO = NO;
				MTL_FAST_MATH = YES;
				SDKROOT = iphoneos;
				SWIFT_COMPILATION_MODE = wholemodule;
				VALIDATE_PRODUCT = YES;
			};
			name = Release;
		};
		0A1B2C3D4E5F6801 /* Debug */ = {
			isa = XCBuildConfiguration;
			buildSettings = {
				ASSETCATALOG_COMPILER_APPICON_NAME = AppIcon;
				ASSETCATALOG_COMPILER_GLOBAL_ACCENT_COLOR_NAME = AccentColor;
				CODE_SIGN_STYLE = Automatic;
				CURRENT_PROJECT_VERSION = 1;
				GENERATE_INFOPLIST_FILE = YES;
				INFOPLIST_FILE = VideoEditorApp/Info.plist;
				INFOPLIST_KEY_UIApplicationSupportsIndirectInputEvents = YES;
				INFOPLIST_KEY_UILaunchStoryboardName = LaunchScreen;
				INFOPLIST_KEY_UISupportedInterfaceOrientations_iPad = "UIInterfaceOrientationPortrait UIInterfaceOrientationPortraitUpsideDown UIInterfaceOrientationLandscapeLeft UIInterfaceOrientationLandscapeRight";
				INFOPLIST_KEY_UISupportedInterfaceOrientations_iPhone = "UIInterfaceOrientationPortrait UIInterfaceOrientationLandscapeLeft UIInterfaceOrientationLandscapeRight";
				IPHONEOS_DEPLOYMENT_TARGET = 17.0;
				LD_RUNPATH_SEARCH_PATHS = (
					"$(inherited)",
					"@executable_path/Frameworks",
				);
				MARKETING_VERSION = 1.0;
				PRODUCT_BUNDLE_IDENTIFIER = com.example.videoeditorapp;
				PRODUCT_NAME = "$(TARGET_NAME)";
				SWIFT_EMIT_LOC_STRINGS = YES;
				SWIFT_VERSION = 5.0;
				TARGETED_DEVICE_FAMILY = "1,2";
			};
			name = Debug;
		};
		0A1B2C3D4E5F6802 /* Release */ = {
			isa = XCBuildConfiguration;
			buildSettings = {
				ASSETCATALOG_COMPILER_APPICON_NAME = AppIcon;
				ASSETCATALOG_COMPILER_GLOBAL_ACCENT_COLOR_NAME = AccentColor;
				CODE_SIGN_STYLE = Automatic;
				CURRENT_PROJECT_VERSION = 1;
				GENERATE_INFOPLIST_FILE = YES;
				INFOPLIST_FILE = VideoEditorApp/Info.plist;
				INFOPLIST_KEY_UIApplicationSupportsIndirectInputEvents = YES;
				INFOPLIST_KEY_UILaunchStoryboardName = LaunchScreen;
				INFOPLIST_KEY_UISupportedInterfaceOrientations_iPad = "UIInterfaceOrientationPortrait UIInterfaceOrientationPortraitUpsideDown UIInterfaceOrientationLandscapeLeft UIInterfaceOrientationLandscapeRight";
				INFOPLIST_KEY_UISupportedInterfaceOrientations_iPhone = "UIInterfaceOrientationPortrait UIInterfaceOrientationLandscapeLeft UIInterfaceOrientationLandscapeRight";
				IPHONEOS_DEPLOYMENT_TARGET = 17.0;
				LD_RUNPATH_SEARCH_PATHS = (
					"$(inherited)",
					"@executable_path/Frameworks",
				);
				MARKETING_VERSION = 1.0;
				PRODUCT_BUNDLE_IDENTIFIER = com.example.videoeditorapp;
				PRODUCT_NAME = "$(TARGET_NAME)";
				SWIFT_EMIT_LOC_STRINGS = YES;
				SWIFT_VERSION = 5.0;
				TARGETED_DEVICE_FAMILY = "1,2";
			};
			name = Release;
		};
/* End XCBuildConfiguration section */

/* Begin XCConfigurationList section */
		5A6B7C8D9E0F1301 /* Build configuration list for PBXProject "VideoEditorApp" */ = {
			isa = XCConfigurationList;
			buildConfigurations = (
				6A7B8C9D0E1F2401 /* Debug */,
				6A7B8C9D0E1F2402 /* Release */,
			);
			defaultConfigurationIsVisible = 0;
			defaultConfigurationName = Release;
		};
		0A1B2C3D4E5F6800 /* Build configuration list for PBXNativeTarget "VideoEditorApp" */ = {
			isa = XCConfigurationList;
			buildConfigurations = (
				0A1B2C3D4E5F6801 /* Debug */,
				0A1B2C3D4E5F6802 /* Release */,
			);
			defaultConfigurationIsVisible = 0;
			defaultConfigurationName = Release;
		};
/* End XCConfigurationList section */
	};
	rootObject = 4A5B6C7D8E9F0201 /* Project object */;
}
